
Microsoft Visual Studio Solution File, Format Version 12.00
# Visual Studio 14
VisualStudioVersion = 14.0.23107.0
MinimumVisualStudioVersion = 10.0.40219.1
Project("{FAE04EC0-301F-11D3-BF4B-00C04F79EFBC}") = "DirectorySync2", "DirectorySync2\DirectorySync2.csproj", "{594EED4C-4F0A-4DF2-AA4D-F3AAD8F4920E}"
EndProject
Project("{FAE04EC0-301F-11D3-BF4B-00C04F79EFBC}") = "AutoClicker", "AutoClicker\AutoClicker.csproj", "{21B9E80A-008F-4B54-9B92-117B66D5389A}"
EndProject
Project("{FAE04EC0-301F-11D3-BF4B-00C04F79EFBC}") = "Encrypter", "Encrypter\Encrypter.csproj", "{99C545C5-C639-4B1B-9E43-9EEF6302ED69}"
EndProject
Project("{FAE04EC0-301F-11D3-BF4B-00C04F79EFBC}") = "MySQL App", "MySQL App\MySQL App.csproj", "{46CA6BEA-7FB9-4DD8-83E8-7A5E3F3CCA80}"
EndProject
Project("{FAE04EC0-301F-11D3-BF4B-00C04F79EFBC}") = "Quick Join KCISCisco", "Quick Join KCISCisco\Quick Join KCISCisco.csproj", "{D8901CD1-3054-4CE5-AC32-62D594105C2C}"
EndProject
Project("{FAE04EC0-301F-11D3-BF4B-00C04F79EFBC}") = "Quick Join KCISCisco RESTART", "Quick Join KCISCisco RESTART\Quick Join KCISCisco RESTART.csproj", "{B51830E9-FF06-46A9-952B-28D942E4C359}"
EndProject
Project("{FAE04EC0-301F-11D3-BF4B-00C04F79EFBC}") = "Search For My Scripts", "Search For My Scripts\Search For My Scripts.csproj", "{FB0D9E8D-14D3-4374-9848-C402633ACC75}"
EndProject
Project("{FAE04EC0-301F-11D3-BF4B-00C04F79EFBC}") = "Detect Usb", "Detect Usb\Detect Usb.csproj", "{AB46B4EE-1D06-42E7-99E7-5342B07173A5}"
EndProject
Project("{FAE04EC0-301F-11D3-BF4B-00C04F79EFBC}") = "Logging Server", "Logging Server\Logging Server.csproj", "{48D9FD54-B615-4A7E-A463-30E7F9918224}"
EndProject
Project("{FAE04EC0-301F-11D3-BF4B-00C04F79EFBC}") = "Loggin Client", "Loggin Client\Loggin Client.csproj", "{E20836C6-4BF5-4DA9-9FB6-41A592732AD4}"
EndProject
Project("{8BC9CEB8-8B4A-11D0-8D11-00A0C91BC942}") = "Mouse Position", "Mouse Position\Mouse Position.vcxproj", "{AC298882-CB39-4DAF-B25E-51957C077B43}"
EndProject
Project("{8BC9CEB8-8B4A-11D0-8D11-00A0C91BC942}") = "Keyboard Hooker", "Keyboard Hooker\Keyboard Hooker.vcxproj", "{70D6649D-0521-4E3E-B11B-28D27688C943}"
EndProject
Project("{FAE04EC0-301F-11D3-BF4B-00C04F79EFBC}") = "Keyboard Hook", "Keyboard Hook\Keyboard Hook.csproj", "{1B5FF046-E485-4343-9B45-98C7CE466B38}"
EndProject
Project("{FAE04EC0-301F-11D3-BF4B-00C04F79EFBC}") = "Image Organizer", "Image Organizer\Image Organizer.csproj", "{2027C4A1-3563-4DA6-8434-58DF22FA2ED3}"
EndProject
Project("{FAE04EC0-301F-11D3-BF4B-00C04F79EFBC}") = "ServerLogClass", "ServerLogClass\ServerLogClass.csproj", "{3ECD67DF-7069-490F-AC0F-31445D9B9E45}"
EndProject
Project("{FAE04EC0-301F-11D3-BF4B-00C04F79EFBC}") = "DirectorySize", "DirectorySize\DirectorySize.csproj", "{7E64B90E-F814-450D-A764-EDD8410B615F}"
EndProject
Project("{FAE04EC0-301F-11D3-BF4B-00C04F79EFBC}") = "FindEmptyFolders", "FindEmptyFolders\FindEmptyFolders.csproj", "{9AB1E2EE-FFE6-4C35-9A37-E528A3A5760C}"
EndProject
Project("{FAE04EC0-301F-11D3-BF4B-00C04F79EFBC}") = "EncryptDiary", "EncryptDiary\EncryptDiary.csproj", "{280F1245-76BB-4A8B-8F58-5B5E48929C9D}"
EndProject
Project("{FAE04EC0-301F-11D3-BF4B-00C04F79EFBC}") = "Mouse Macro", "Mouse Macro\Mouse Macro.csproj", "{F21AC058-B923-4B77-926B-E52603ABFA32}"
EndProject
Project("{FAE04EC0-301F-11D3-BF4B-00C04F79EFBC}") = "PC Logger", "PC Logger\PC Logger.csproj", "{45475414-00F6-4260-8130-524C938A4EFC}"
EndProject
Project("{FAE04EC0-301F-11D3-BF4B-00C04F79EFBC}") = "Photo Zipper", "Photo Zipper\Photo Zipper.csproj", "{9E9E9145-4AFD-4B91-8390-22AE4973B2D9}"
EndProject
Global
	GlobalSection(SolutionConfigurationPlatforms) = preSolution
		Debug|Any CPU = Debug|Any CPU
		Debug|Mixed Platforms = Debug|Mixed Platforms
		Debug|Win32 = Debug|Win32
		Debug|x64 = Debug|x64
		Release|Any CPU = Release|Any CPU
		Release|Mixed Platforms = Release|Mixed Platforms
		Release|Win32 = Release|Win32
		Release|x64 = Release|x64
	EndGlobalSection
	GlobalSection(ProjectConfigurationPlatforms) = postSolution
		{594EED4C-4F0A-4DF2-AA4D-F3AAD8F4920E}.Debug|Any CPU.ActiveCfg = Debug|Any CPU
		{594EED4C-4F0A-4DF2-AA4D-F3AAD8F4920E}.Debug|Any CPU.Build.0 = Debug|Any CPU
		{594EED4C-4F0A-4DF2-AA4D-F3AAD8F4920E}.Debug|Mixed Platforms.ActiveCfg = Debug|Any CPU
		{594EED4C-4F0A-4DF2-AA4D-F3AAD8F4920E}.Debug|Mixed Platforms.Build.0 = Debug|Any CPU
		{594EED4C-4F0A-4DF2-AA4D-F3AAD8F4920E}.Debug|Win32.ActiveCfg = Debug|Any CPU
		{594EED4C-4F0A-4DF2-AA4D-F3AAD8F4920E}.Debug|x64.ActiveCfg = Debug|x64
		{594EED4C-4F0A-4DF2-AA4D-F3AAD8F4920E}.Debug|x64.Build.0 = Debug|x64
		{594EED4C-4F0A-4DF2-AA4D-F3AAD8F4920E}.Release|Any CPU.ActiveCfg = Release|Any CPU
		{594EED4C-4F0A-4DF2-AA4D-F3AAD8F4920E}.Release|Any CPU.Build.0 = Release|Any CPU
		{594EED4C-4F0A-4DF2-AA4D-F3AAD8F4920E}.Release|Mixed Platforms.ActiveCfg = Release|Any CPU
		{594EED4C-4F0A-4DF2-AA4D-F3AAD8F4920E}.Release|Mixed Platforms.Build.0 = Release|Any CPU
		{594EED4C-4F0A-4DF2-AA4D-F3AAD8F4920E}.Release|Win32.ActiveCfg = Release|Any CPU
		{594EED4C-4F0A-4DF2-AA4D-F3AAD8F4920E}.Release|x64.ActiveCfg = Release|x64
		{594EED4C-4F0A-4DF2-AA4D-F3AAD8F4920E}.Release|x64.Build.0 = Release|x64
		{21B9E80A-008F-4B54-9B92-117B66D5389A}.Debug|Any CPU.ActiveCfg = Debug|Any CPU
		{21B9E80A-008F-4B54-9B92-117B66D5389A}.Debug|Any CPU.Build.0 = Debug|Any CPU
		{21B9E80A-008F-4B54-9B92-117B66D5389A}.Debug|Mixed Platforms.ActiveCfg = Debug|Any CPU
		{21B9E80A-008F-4B54-9B92-117B66D5389A}.Debug|Mixed Platforms.Build.0 = Debug|Any CPU
		{21B9E80A-008F-4B54-9B92-117B66D5389A}.Debug|Win32.ActiveCfg = Debug|Any CPU
		{21B9E80A-008F-4B54-9B92-117B66D5389A}.Debug|x64.ActiveCfg = Debug|x64
		{21B9E80A-008F-4B54-9B92-117B66D5389A}.Debug|x64.Build.0 = Debug|x64
		{21B9E80A-008F-4B54-9B92-117B66D5389A}.Release|Any CPU.ActiveCfg = Release|Any CPU
		{21B9E80A-008F-4B54-9B92-117B66D5389A}.Release|Any CPU.Build.0 = Release|Any CPU
		{21B9E80A-008F-4B54-9B92-117B66D5389A}.Release|Mixed Platforms.ActiveCfg = Release|Any CPU
		{21B9E80A-008F-4B54-9B92-117B66D5389A}.Release|Mixed Platforms.Build.0 = Release|Any CPU
		{21B9E80A-008F-4B54-9B92-117B66D5389A}.Release|Win32.ActiveCfg = Release|Any CPU
		{21B9E80A-008F-4B54-9B92-117B66D5389A}.Release|x64.ActiveCfg = Release|x64
		{21B9E80A-008F-4B54-9B92-117B66D5389A}.Release|x64.Build.0 = Release|x64
		{99C545C5-C639-4B1B-9E43-9EEF6302ED69}.Debug|Any CPU.ActiveCfg = Debug|Any CPU
		{99C545C5-C639-4B1B-9E43-9EEF6302ED69}.Debug|Any CPU.Build.0 = Debug|Any CPU
		{99C545C5-C639-4B1B-9E43-9EEF6302ED69}.Debug|Mixed Platforms.ActiveCfg = Debug|Any CPU
		{99C545C5-C639-4B1B-9E43-9EEF6302ED69}.Debug|Mixed Platforms.Build.0 = Debug|Any CPU
		{99C545C5-C639-4B1B-9E43-9EEF6302ED69}.Debug|Win32.ActiveCfg = Debug|Any CPU
		{99C545C5-C639-4B1B-9E43-9EEF6302ED69}.Debug|x64.ActiveCfg = Debug|x64
		{99C545C5-C639-4B1B-9E43-9EEF6302ED69}.Debug|x64.Build.0 = Debug|x64
		{99C545C5-C639-4B1B-9E43-9EEF6302ED69}.Release|Any CPU.ActiveCfg = Release|Any CPU
		{99C545C5-C639-4B1B-9E43-9EEF6302ED69}.Release|Any CPU.Build.0 = Release|Any CPU
		{99C545C5-C639-4B1B-9E43-9EEF6302ED69}.Release|Mixed Platforms.ActiveCfg = Release|Any CPU
		{99C545C5-C639-4B1B-9E43-9EEF6302ED69}.Release|Mixed Platforms.Build.0 = Release|Any CPU
		{99C545C5-C639-4B1B-9E43-9EEF6302ED69}.Release|Win32.ActiveCfg = Release|Any CPU
		{99C545C5-C639-4B1B-9E43-9EEF6302ED69}.Release|x64.ActiveCfg = Release|x64
		{99C545C5-C639-4B1B-9E43-9EEF6302ED69}.Release|x64.Build.0 = Release|x64
		{46CA6BEA-7FB9-4DD8-83E8-7A5E3F3CCA80}.Debug|Any CPU.ActiveCfg = Debug|Any CPU
		{46CA6BEA-7FB9-4DD8-83E8-7A5E3F3CCA80}.Debug|Any CPU.Build.0 = Debug|Any CPU
		{46CA6BEA-7FB9-4DD8-83E8-7A5E3F3CCA80}.Debug|Mixed Platforms.ActiveCfg = Debug|Any CPU
		{46CA6BEA-7FB9-4DD8-83E8-7A5E3F3CCA80}.Debug|Mixed Platforms.Build.0 = Debug|Any CPU
		{46CA6BEA-7FB9-4DD8-83E8-7A5E3F3CCA80}.Debug|Win32.ActiveCfg = Debug|Any CPU
		{46CA6BEA-7FB9-4DD8-83E8-7A5E3F3CCA80}.Debug|x64.ActiveCfg = Debug|x64
		{46CA6BEA-7FB9-4DD8-83E8-7A5E3F3CCA80}.Debug|x64.Build.0 = Debug|x64
		{46CA6BEA-7FB9-4DD8-83E8-7A5E3F3CCA80}.Release|Any CPU.ActiveCfg = Release|Any CPU
		{46CA6BEA-7FB9-4DD8-83E8-7A5E3F3CCA80}.Release|Any CPU.Build.0 = Release|Any CPU
		{46CA6BEA-7FB9-4DD8-83E8-7A5E3F3CCA80}.Release|Mixed Platforms.ActiveCfg = Release|Any CPU
		{46CA6BEA-7FB9-4DD8-83E8-7A5E3F3CCA80}.Release|Mixed Platforms.Build.0 = Release|Any CPU
		{46CA6BEA-7FB9-4DD8-83E8-7A5E3F3CCA80}.Release|Win32.ActiveCfg = Release|Any CPU
		{46CA6BEA-7FB9-4DD8-83E8-7A5E3F3CCA80}.Release|x64.ActiveCfg = Release|x64
		{46CA6BEA-7FB9-4DD8-83E8-7A5E3F3CCA80}.Release|x64.Build.0 = Release|x64
		{D8901CD1-3054-4CE5-AC32-62D594105C2C}.Debug|Any CPU.ActiveCfg = Debug|Any CPU
		{D8901CD1-3054-4CE5-AC32-62D594105C2C}.Debug|Any CPU.Build.0 = Debug|Any CPU
		{D8901CD1-3054-4CE5-AC32-62D594105C2C}.Debug|Mixed Platforms.ActiveCfg = Debug|Any CPU
		{D8901CD1-3054-4CE5-AC32-62D594105C2C}.Debug|Mixed Platforms.Build.0 = Debug|Any CPU
		{D8901CD1-3054-4CE5-AC32-62D594105C2C}.Debug|Win32.ActiveCfg = Debug|Any CPU
		{D8901CD1-3054-4CE5-AC32-62D594105C2C}.Debug|x64.ActiveCfg = Debug|x64
		{D8901CD1-3054-4CE5-AC32-62D594105C2C}.Debug|x64.Build.0 = Debug|x64
		{D8901CD1-3054-4CE5-AC32-62D594105C2C}.Release|Any CPU.ActiveCfg = Release|Any CPU
		{D8901CD1-3054-4CE5-AC32-62D594105C2C}.Release|Any CPU.Build.0 = Release|Any CPU
		{D8901CD1-3054-4CE5-AC32-62D594105C2C}.Release|Mixed Platforms.ActiveCfg = Release|Any CPU
		{D8901CD1-3054-4CE5-AC32-62D594105C2C}.Release|Mixed Platforms.Build.0 = Release|Any CPU
		{D8901CD1-3054-4CE5-AC32-62D594105C2C}.Release|Win32.ActiveCfg = Release|Any CPU
		{D8901CD1-3054-4CE5-AC32-62D594105C2C}.Release|x64.ActiveCfg = Release|x64
		{D8901CD1-3054-4CE5-AC32-62D594105C2C}.Release|x64.Build.0 = Release|x64
		{B51830E9-FF06-46A9-952B-28D942E4C359}.Debug|Any CPU.ActiveCfg = Debug|Any CPU
		{B51830E9-FF06-46A9-952B-28D942E4C359}.Debug|Any CPU.Build.0 = Debug|Any CPU
		{B51830E9-FF06-46A9-952B-28D942E4C359}.Debug|Mixed Platforms.ActiveCfg = Debug|Any CPU
		{B51830E9-FF06-46A9-952B-28D942E4C359}.Debug|Mixed Platforms.Build.0 = Debug|Any CPU
		{B51830E9-FF06-46A9-952B-28D942E4C359}.Debug|Win32.ActiveCfg = Debug|Any CPU
		{B51830E9-FF06-46A9-952B-28D942E4C359}.Debug|x64.ActiveCfg = Debug|x64
		{B51830E9-FF06-46A9-952B-28D942E4C359}.Debug|x64.Build.0 = Debug|x64
		{B51830E9-FF06-46A9-952B-28D942E4C359}.Release|Any CPU.ActiveCfg = Release|Any CPU
		{B51830E9-FF06-46A9-952B-28D942E4C359}.Release|Any CPU.Build.0 = Release|Any CPU
		{B51830E9-FF06-46A9-952B-28D942E4C359}.Release|Mixed Platforms.ActiveCfg = Release|Any CPU
		{B51830E9-FF06-46A9-952B-28D942E4C359}.Release|Mixed Platforms.Build.0 = Release|Any CPU
		{B51830E9-FF06-46A9-952B-28D942E4C359}.Release|Win32.ActiveCfg = Release|Any CPU
		{B51830E9-FF06-46A9-952B-28D942E4C359}.Release|x64.ActiveCfg = Release|x64
		{B51830E9-FF06-46A9-952B-28D942E4C359}.Release|x64.Build.0 = Release|x64
		{FB0D9E8D-14D3-4374-9848-C402633ACC75}.Debug|Any CPU.ActiveCfg = Debug|Any CPU
		{FB0D9E8D-14D3-4374-9848-C402633ACC75}.Debug|Any CPU.Build.0 = Debug|Any CPU
		{FB0D9E8D-14D3-4374-9848-C402633ACC75}.Debug|Mixed Platforms.ActiveCfg = Debug|Any CPU
		{FB0D9E8D-14D3-4374-9848-C402633ACC75}.Debug|Mixed Platforms.Build.0 = Debug|Any CPU
		{FB0D9E8D-14D3-4374-9848-C402633ACC75}.Debug|Win32.ActiveCfg = Debug|Any CPU
		{FB0D9E8D-14D3-4374-9848-C402633ACC75}.Debug|x64.ActiveCfg = Debug|x64
		{FB0D9E8D-14D3-4374-9848-C402633ACC75}.Debug|x64.Build.0 = Debug|x64
		{FB0D9E8D-14D3-4374-9848-C402633ACC75}.Release|Any CPU.ActiveCfg = Release|Any CPU
		{FB0D9E8D-14D3-4374-9848-C402633ACC75}.Release|Any CPU.Build.0 = Release|Any CPU
		{FB0D9E8D-14D3-4374-9848-C402633ACC75}.Release|Mixed Platforms.ActiveCfg = Release|Any CPU
		{FB0D9E8D-14D3-4374-9848-C402633ACC75}.Release|Mixed Platforms.Build.0 = Release|Any CPU
		{FB0D9E8D-14D3-4374-9848-C402633ACC75}.Release|Win32.ActiveCfg = Release|Any CPU
		{FB0D9E8D-14D3-4374-9848-C402633ACC75}.Release|x64.ActiveCfg = Release|x64
		{FB0D9E8D-14D3-4374-9848-C402633ACC75}.Release|x64.Build.0 = Release|x64
		{AB46B4EE-1D06-42E7-99E7-5342B07173A5}.Debug|Any CPU.ActiveCfg = Debug|Any CPU
		{AB46B4EE-1D06-42E7-99E7-5342B07173A5}.Debug|Any CPU.Build.0 = Debug|Any CPU
		{AB46B4EE-1D06-42E7-99E7-5342B07173A5}.Debug|Mixed Platforms.ActiveCfg = Debug|Any CPU
		{AB46B4EE-1D06-42E7-99E7-5342B07173A5}.Debug|Mixed Platforms.Build.0 = Debug|Any CPU
		{AB46B4EE-1D06-42E7-99E7-5342B07173A5}.Debug|Win32.ActiveCfg = Debug|Any CPU
		{AB46B4EE-1D06-42E7-99E7-5342B07173A5}.Debug|x64.ActiveCfg = Debug|Any CPU
		{AB46B4EE-1D06-42E7-99E7-5342B07173A5}.Release|Any CPU.ActiveCfg = Release|Any CPU
		{AB46B4EE-1D06-42E7-99E7-5342B07173A5}.Release|Any CPU.Build.0 = Release|Any CPU
		{AB46B4EE-1D06-42E7-99E7-5342B07173A5}.Release|Mixed Platforms.ActiveCfg = Release|Any CPU
		{AB46B4EE-1D06-42E7-99E7-5342B07173A5}.Release|Mixed Platforms.Build.0 = Release|Any CPU
		{AB46B4EE-1D06-42E7-99E7-5342B07173A5}.Release|Win32.ActiveCfg = Release|Any CPU
		{AB46B4EE-1D06-42E7-99E7-5342B07173A5}.Release|x64.ActiveCfg = Release|Any CPU
		{48D9FD54-B615-4A7E-A463-30E7F9918224}.Debug|Any CPU.ActiveCfg = Debug|Any CPU
		{48D9FD54-B615-4A7E-A463-30E7F9918224}.Debug|Any CPU.Build.0 = Debug|Any CPU
		{48D9FD54-B615-4A7E-A463-30E7F9918224}.Debug|Mixed Platforms.ActiveCfg = Debug|Any CPU
		{48D9FD54-B615-4A7E-A463-30E7F9918224}.Debug|Mixed Platforms.Build.0 = Debug|Any CPU
		{48D9FD54-B615-4A7E-A463-30E7F9918224}.Debug|Win32.ActiveCfg = Debug|Any CPU
		{48D9FD54-B615-4A7E-A463-30E7F9918224}.Debug|x64.ActiveCfg = Debug|Any CPU
		{48D9FD54-B615-4A7E-A463-30E7F9918224}.Release|Any CPU.ActiveCfg = Release|Any CPU
		{48D9FD54-B615-4A7E-A463-30E7F9918224}.Release|Any CPU.Build.0 = Release|Any CPU
		{48D9FD54-B615-4A7E-A463-30E7F9918224}.Release|Mixed Platforms.ActiveCfg = Release|Any CPU
		{48D9FD54-B615-4A7E-A463-30E7F9918224}.Release|Mixed Platforms.Build.0 = Release|Any CPU
		{48D9FD54-B615-4A7E-A463-30E7F9918224}.Release|Win32.ActiveCfg = Release|Any CPU
		{48D9FD54-B615-4A7E-A463-30E7F9918224}.Release|x64.ActiveCfg = Release|Any CPU
		{E20836C6-4BF5-4DA9-9FB6-41A592732AD4}.Debug|Any CPU.ActiveCfg = Debug|Any CPU
		{E20836C6-4BF5-4DA9-9FB6-41A592732AD4}.Debug|Any CPU.Build.0 = Debug|Any CPU
		{E20836C6-4BF5-4DA9-9FB6-41A592732AD4}.Debug|Mixed Platforms.ActiveCfg = Debug|Any CPU
		{E20836C6-4BF5-4DA9-9FB6-41A592732AD4}.Debug|Mixed Platforms.Build.0 = Debug|Any CPU
		{E20836C6-4BF5-4DA9-9FB6-41A592732AD4}.Debug|Win32.ActiveCfg = Debug|Any CPU
		{E20836C6-4BF5-4DA9-9FB6-41A592732AD4}.Debug|x64.ActiveCfg = Debug|Any CPU
		{E20836C6-4BF5-4DA9-9FB6-41A592732AD4}.Release|Any CPU.ActiveCfg = Release|Any CPU
		{E20836C6-4BF5-4DA9-9FB6-41A592732AD4}.Release|Any CPU.Build.0 = Release|Any CPU
		{E20836C6-4BF5-4DA9-9FB6-41A592732AD4}.Release|Mixed Platforms.ActiveCfg = Release|Any CPU
		{E20836C6-4BF5-4DA9-9FB6-41A592732AD4}.Release|Mixed Platforms.Build.0 = Release|Any CPU
		{E20836C6-4BF5-4DA9-9FB6-41A592732AD4}.Release|Win32.ActiveCfg = Release|Any CPU
		{E20836C6-4BF5-4DA9-9FB6-41A592732AD4}.Release|x64.ActiveCfg = Release|Any CPU
		{AC298882-CB39-4DAF-B25E-51957C077B43}.Debug|Any CPU.ActiveCfg = Debug|Win32
		{AC298882-CB39-4DAF-B25E-51957C077B43}.Debug|Mixed Platforms.ActiveCfg = Debug|Win32
		{AC298882-CB39-4DAF-B25E-51957C077B43}.Debug|Mixed Platforms.Build.0 = Debug|Win32
		{AC298882-CB39-4DAF-B25E-51957C077B43}.Debug|Win32.ActiveCfg = Debug|Win32
		{AC298882-CB39-4DAF-B25E-51957C077B43}.Debug|Win32.Build.0 = Debug|Win32
		{AC298882-CB39-4DAF-B25E-51957C077B43}.Debug|x64.ActiveCfg = Debug|Win32
		{AC298882-CB39-4DAF-B25E-51957C077B43}.Release|Any CPU.ActiveCfg = Release|Win32
		{AC298882-CB39-4DAF-B25E-51957C077B43}.Release|Mixed Platforms.ActiveCfg = Release|Win32
		{AC298882-CB39-4DAF-B25E-51957C077B43}.Release|Mixed Platforms.Build.0 = Release|Win32
		{AC298882-CB39-4DAF-B25E-51957C077B43}.Release|Win32.ActiveCfg = Release|Win32
		{AC298882-CB39-4DAF-B25E-51957C077B43}.Release|Win32.Build.0 = Release|Win32
		{AC298882-CB39-4DAF-B25E-51957C077B43}.Release|x64.ActiveCfg = Release|Win32
		{70D6649D-0521-4E3E-B11B-28D27688C943}.Debug|Any CPU.ActiveCfg = Debug|Win32
		{70D6649D-0521-4E3E-B11B-28D27688C943}.Debug|Mixed Platforms.ActiveCfg = Debug|Win32
		{70D6649D-0521-4E3E-B11B-28D27688C943}.Debug|Mixed Platforms.Build.0 = Debug|Win32
		{70D6649D-0521-4E3E-B11B-28D27688C943}.Debug|Win32.ActiveCfg = Debug|Win32
		{70D6649D-0521-4E3E-B11B-28D27688C943}.Debug|Win32.Build.0 = Debug|Win32
		{70D6649D-0521-4E3E-B11B-28D27688C943}.Debug|x64.ActiveCfg = Debug|Win32
		{70D6649D-0521-4E3E-B11B-28D27688C943}.Release|Any CPU.ActiveCfg = Release|Win32
		{70D6649D-0521-4E3E-B11B-28D27688C943}.Release|Mixed Platforms.ActiveCfg = Release|Win32
		{70D6649D-0521-4E3E-B11B-28D27688C943}.Release|Mixed Platforms.Build.0 = Release|Win32
		{70D6649D-0521-4E3E-B11B-28D27688C943}.Release|Win32.ActiveCfg = Release|Win32
		{70D6649D-0521-4E3E-B11B-28D27688C943}.Release|Win32.Build.0 = Release|Win32
		{70D6649D-0521-4E3E-B11B-28D27688C943}.Release|x64.ActiveCfg = Release|Win32
		{1B5FF046-E485-4343-9B45-98C7CE466B38}.Debug|Any CPU.ActiveCfg = Debug|Any CPU
		{1B5FF046-E485-4343-9B45-98C7CE466B38}.Debug|Any CPU.Build.0 = Debug|Any CPU
		{1B5FF046-E485-4343-9B45-98C7CE466B38}.Debug|Mixed Platforms.ActiveCfg = Debug|Any CPU
		{1B5FF046-E485-4343-9B45-98C7CE466B38}.Debug|Mixed Platforms.Build.0 = Debug|Any CPU
		{1B5FF046-E485-4343-9B45-98C7CE466B38}.Debug|Win32.ActiveCfg = Debug|Any CPU
		{1B5FF046-E485-4343-9B45-98C7CE466B38}.Debug|x64.ActiveCfg = Debug|Any CPU
		{1B5FF046-E485-4343-9B45-98C7CE466B38}.Release|Any CPU.ActiveCfg = Release|Any CPU
		{1B5FF046-E485-4343-9B45-98C7CE466B38}.Release|Any CPU.Build.0 = Release|Any CPU
		{1B5FF046-E485-4343-9B45-98C7CE466B38}.Release|Mixed Platforms.ActiveCfg = Release|Any CPU
		{1B5FF046-E485-4343-9B45-98C7CE466B38}.Release|Mixed Platforms.Build.0 = Release|Any CPU
		{1B5FF046-E485-4343-9B45-98C7CE466B38}.Release|Win32.ActiveCfg = Release|Any CPU
		{1B5FF046-E485-4343-9B45-98C7CE466B38}.Release|x64.ActiveCfg = Release|Any CPU
		{2027C4A1-3563-4DA6-8434-58DF22FA2ED3}.Debug|Any CPU.ActiveCfg = Debug|Any CPU
		{2027C4A1-3563-4DA6-8434-58DF22FA2ED3}.Debug|Any CPU.Build.0 = Debug|Any CPU
		{2027C4A1-3563-4DA6-8434-58DF22FA2ED3}.Debug|Mixed Platforms.ActiveCfg = Debug|Any CPU
		{2027C4A1-3563-4DA6-8434-58DF22FA2ED3}.Debug|Mixed Platforms.Build.0 = Debug|Any CPU
		{2027C4A1-3563-4DA6-8434-58DF22FA2ED3}.Debug|Win32.ActiveCfg = Debug|Any CPU
		{2027C4A1-3563-4DA6-8434-58DF22FA2ED3}.Debug|x64.ActiveCfg = Debug|Any CPU
		{2027C4A1-3563-4DA6-8434-58DF22FA2ED3}.Release|Any CPU.ActiveCfg = Release|Any CPU
		{2027C4A1-3563-4DA6-8434-58DF22FA2ED3}.Release|Any CPU.Build.0 = Release|Any CPU
		{2027C4A1-3563-4DA6-8434-58DF22FA2ED3}.Release|Mixed Platforms.ActiveCfg = Release|Any CPU
		{2027C4A1-3563-4DA6-8434-58DF22FA2ED3}.Release|Mixed Platforms.Build.0 = Release|Any CPU
		{2027C4A1-3563-4DA6-8434-58DF22FA2ED3}.Release|Win32.ActiveCfg = Release|Any CPU
		{2027C4A1-3563-4DA6-8434-58DF22FA2ED3}.Release|x64.ActiveCfg = Release|Any CPU
		{3ECD67DF-7069-490F-AC0F-31445D9B9E45}.Debug|Any CPU.ActiveCfg = Debug|Any CPU
		{3ECD67DF-7069-490F-AC0F-31445D9B9E45}.Debug|Any CPU.Build.0 = Debug|Any CPU
		{3ECD67DF-7069-490F-AC0F-31445D9B9E45}.Debug|Mixed Platforms.ActiveCfg = Debug|Any CPU
		{3ECD67DF-7069-490F-AC0F-31445D9B9E45}.Debug|Mixed Platforms.Build.0 = Debug|Any CPU
		{3ECD67DF-7069-490F-AC0F-31445D9B9E45}.Debug|Win32.ActiveCfg = Debug|Any CPU
		{3ECD67DF-7069-490F-AC0F-31445D9B9E45}.Debug|x64.ActiveCfg = Debug|Any CPU
		{3ECD67DF-7069-490F-AC0F-31445D9B9E45}.Release|Any CPU.ActiveCfg = Release|Any CPU
		{3ECD67DF-7069-490F-AC0F-31445D9B9E45}.Release|Any CPU.Build.0 = Release|Any CPU
		{3ECD67DF-7069-490F-AC0F-31445D9B9E45}.Release|Mixed Platforms.ActiveCfg = Release|Any CPU
		{3ECD67DF-7069-490F-AC0F-31445D9B9E45}.Release|Mixed Platforms.Build.0 = Release|Any CPU
		{3ECD67DF-7069-490F-AC0F-31445D9B9E45}.Release|Win32.ActiveCfg = Release|Any CPU
		{3ECD67DF-7069-490F-AC0F-31445D9B9E45}.Release|x64.ActiveCfg = Release|Any CPU
		{7E64B90E-F814-450D-A764-EDD8410B615F}.Debug|Any CPU.ActiveCfg = Debug|Any CPU
		{7E64B90E-F814-450D-A764-EDD8410B615F}.Debug|Any CPU.Build.0 = Debug|Any CPU
		{7E64B90E-F814-450D-A764-EDD8410B615F}.Debug|Mixed Platforms.ActiveCfg = Debug|Any CPU
		{7E64B90E-F814-450D-A764-EDD8410B615F}.Debug|Mixed Platforms.Build.0 = Debug|Any CPU
		{7E64B90E-F814-450D-A764-EDD8410B615F}.Debug|Win32.ActiveCfg = Debug|Any CPU
		{7E64B90E-F814-450D-A764-EDD8410B615F}.Debug|x64.ActiveCfg = Debug|Any CPU
		{7E64B90E-F814-450D-A764-EDD8410B615F}.Release|Any CPU.ActiveCfg = Release|Any CPU
		{7E64B90E-F814-450D-A764-EDD8410B615F}.Release|Any CPU.Build.0 = Release|Any CPU
		{7E64B90E-F814-450D-A764-EDD8410B615F}.Release|Mixed Platforms.ActiveCfg = Release|Any CPU
		{7E64B90E-F814-450D-A764-EDD8410B615F}.Release|Mixed Platforms.Build.0 = Release|Any CPU
		{7E64B90E-F814-450D-A764-EDD8410B615F}.Release|Win32.ActiveCfg = Release|Any CPU
		{7E64B90E-F814-450D-A764-EDD8410B615F}.Release|x64.ActiveCfg = Release|Any CPU
		{9AB1E2EE-FFE6-4C35-9A37-E528A3A5760C}.Debug|Any CPU.ActiveCfg = Debug|Any CPU
		{9AB1E2EE-FFE6-4C35-9A37-E528A3A5760C}.Debug|Any CPU.Build.0 = Debug|Any CPU
		{9AB1E2EE-FFE6-4C35-9A37-E528A3A5760C}.Debug|Mixed Platforms.ActiveCfg = Debug|Any CPU
		{9AB1E2EE-FFE6-4C35-9A37-E528A3A5760C}.Debug|Mixed Platforms.Build.0 = Debug|Any CPU
		{9AB1E2EE-FFE6-4C35-9A37-E528A3A5760C}.Debug|Win32.ActiveCfg = Debug|Any CPU
		{9AB1E2EE-FFE6-4C35-9A37-E528A3A5760C}.Debug|x64.ActiveCfg = Debug|Any CPU
		{9AB1E2EE-FFE6-4C35-9A37-E528A3A5760C}.Release|Any CPU.ActiveCfg = Release|Any CPU
		{9AB1E2EE-FFE6-4C35-9A37-E528A3A5760C}.Release|Any CPU.Build.0 = Release|Any CPU
		{9AB1E2EE-FFE6-4C35-9A37-E528A3A5760C}.Release|Mixed Platforms.ActiveCfg = Release|Any CPU
		{9AB1E2EE-FFE6-4C35-9A37-E528A3A5760C}.Release|Mixed Platforms.Build.0 = Release|Any CPU
		{9AB1E2EE-FFE6-4C35-9A37-E528A3A5760C}.Release|Win32.ActiveCfg = Release|Any CPU
		{9AB1E2EE-FFE6-4C35-9A37-E528A3A5760C}.Release|x64.ActiveCfg = Release|Any CPU
		{280F1245-76BB-4A8B-8F58-5B5E48929C9D}.Debug|Any CPU.ActiveCfg = Debug|Any CPU
		{280F1245-76BB-4A8B-8F58-5B5E48929C9D}.Debug|Any CPU.Build.0 = Debug|Any CPU
		{280F1245-76BB-4A8B-8F58-5B5E48929C9D}.Debug|Mixed Platforms.ActiveCfg = Debug|Any CPU
		{280F1245-76BB-4A8B-8F58-5B5E48929C9D}.Debug|Mixed Platforms.Build.0 = Debug|Any CPU
		{280F1245-76BB-4A8B-8F58-5B5E48929C9D}.Debug|Win32.ActiveCfg = Debug|Any CPU
		{280F1245-76BB-4A8B-8F58-5B5E48929C9D}.Debug|x64.ActiveCfg = Debug|Any CPU
		{280F1245-76BB-4A8B-8F58-5B5E48929C9D}.Release|Any CPU.ActiveCfg = Release|Any CPU
		{280F1245-76BB-4A8B-8F58-5B5E48929C9D}.Release|Any CPU.Build.0 = Release|Any CPU
		{280F1245-76BB-4A8B-8F58-5B5E48929C9D}.Release|Mixed Platforms.ActiveCfg = Release|Any CPU
		{280F1245-76BB-4A8B-8F58-5B5E48929C9D}.Release|Mixed Platforms.Build.0 = Release|Any CPU
		{280F1245-76BB-4A8B-8F58-5B5E48929C9D}.Release|Win32.ActiveCfg = Release|Any CPU
		{280F1245-76BB-4A8B-8F58-5B5E48929C9D}.Release|x64.ActiveCfg = Release|Any CPU
		{F21AC058-B923-4B77-926B-E52603ABFA32}.Debug|Any CPU.ActiveCfg = Debug|Any CPU
		{F21AC058-B923-4B77-926B-E52603ABFA32}.Debug|Any CPU.Build.0 = Debug|Any CPU
		{F21AC058-B923-4B77-926B-E52603ABFA32}.Debug|Mixed Platforms.ActiveCfg = Debug|Any CPU
		{F21AC058-B923-4B77-926B-E52603ABFA32}.Debug|Mixed Platforms.Build.0 = Debug|Any CPU
		{F21AC058-B923-4B77-926B-E52603ABFA32}.Debug|Win32.ActiveCfg = Debug|Any CPU
		{F21AC058-B923-4B77-926B-E52603ABFA32}.Debug|x64.ActiveCfg = Debug|Any CPU
		{F21AC058-B923-4B77-926B-E52603ABFA32}.Release|Any CPU.ActiveCfg = Release|Any CPU
		{F21AC058-B923-4B77-926B-E52603ABFA32}.Release|Any CPU.Build.0 = Release|Any CPU
		{F21AC058-B923-4B77-926B-E52603ABFA32}.Release|Mixed Platforms.ActiveCfg = Release|Any CPU
		{F21AC058-B923-4B77-926B-E52603ABFA32}.Release|Mixed Platforms.Build.0 = Release|Any CPU
		{F21AC058-B923-4B77-926B-E52603ABFA32}.Release|Win32.ActiveCfg = Release|Any CPU
		{F21AC058-B923-4B77-926B-E52603ABFA32}.Release|x64.ActiveCfg = Release|Any CPU
		{45475414-00F6-4260-8130-524C938A4EFC}.Debug|Any CPU.ActiveCfg = Debug|Any CPU
		{45475414-00F6-4260-8130-524C938A4EFC}.Debug|Any CPU.Build.0 = Debug|Any CPU
		{45475414-00F6-4260-8130-524C938A4EFC}.Debug|Mixed Platforms.ActiveCfg = Debug|Any CPU
		{45475414-00F6-4260-8130-524C938A4EFC}.Debug|Mixed Platforms.Build.0 = Debug|Any CPU
		{45475414-00F6-4260-8130-524C938A4EFC}.Debug|Win32.ActiveCfg = Debug|Any CPU
		{45475414-00F6-4260-8130-524C938A4EFC}.Debug|x64.ActiveCfg = Debug|Any CPU
		{45475414-00F6-4260-8130-524C938A4EFC}.Release|Any CPU.ActiveCfg = Release|Any CPU
		{45475414-00F6-4260-8130-524C938A4EFC}.Release|Any CPU.Build.0 = Release|Any CPU
		{45475414-00F6-4260-8130-524C938A4EFC}.Release|Mixed Platforms.ActiveCfg = Release|Any CPU
		{45475414-00F6-4260-8130-524C938A4EFC}.Release|Mixed Platforms.Build.0 = Release|Any CPU
		{45475414-00F6-4260-8130-524C938A4EFC}.Release|Win32.ActiveCfg = Release|Any CPU
		{45475414-00F6-4260-8130-524C938A4EFC}.Release|x64.ActiveCfg = Release|Any CPU
		{9E9E9145-4AFD-4B91-8390-22AE4973B2D9}.Debug|Any CPU.ActiveCfg = Debug|Any CPU
		{9E9E9145-4AFD-4B91-8390-22AE4973B2D9}.Debug|Any CPU.Build.0 = Debug|Any CPU
		{9E9E9145-4AFD-4B91-8390-22AE4973B2D9}.Debug|Mixed Platforms.ActiveCfg = Debug|Any CPU
		{9E9E9145-4AFD-4B91-8390-22AE4973B2D9}.Debug|Mixed Platforms.Build.0 = Debug|Any CPU
		{9E9E9145-4AFD-4B91-8390-22AE4973B2D9}.Debug|Win32.ActiveCfg = Debug|Any CPU
		{9E9E9145-4AFD-4B91-8390-22AE4973B2D9}.Debug|Win32.Build.0 = Debug|Any CPU
		{9E9E9145-4AFD-4B91-8390-22AE4973B2D9}.Debug|x64.ActiveCfg = Debug|Any CPU
		{9E9E9145-4AFD-4B91-8390-22AE4973B2D9}.Debug|x64.Build.0 = Debug|Any CPU
		{9E9E9145-4AFD-4B91-8390-22AE4973B2D9}.Release|Any CPU.ActiveCfg = Release|Any CPU
		{9E9E9145-4AFD-4B91-8390-22AE4973B2D9}.Release|Any CPU.Build.0 = Release|Any CPU
		{9E9E9145-4AFD-4B91-8390-22AE4973B2D9}.Release|Mixed Platforms.ActiveCfg = Release|Any CPU
		{9E9E9145-4AFD-4B91-8390-22AE4973B2D9}.Release|Mixed Platforms.Build.0 = Release|Any CPU
		{9E9E9145-4AFD-4B91-8390-22AE4973B2D9}.Release|Win32.ActiveCfg = Release|Any CPU
		{9E9E9145-4AFD-4B91-8390-22AE4973B2D9}.Release|Win32.Build.0 = Release|Any CPU
		{9E9E9145-4AFD-4B91-8390-22AE4973B2D9}.Release|x64.ActiveCfg = Release|Any CPU
		{9E9E9145-4AFD-4B91-8390-22AE4973B2D9}.Release|x64.Build.0 = Release|Any CPU
	EndGlobalSection
	GlobalSection(SolutionProperties) = preSolution
		HideSolutionNode = FALSE
	EndGlobalSection
EndGlobal
